
Microsoft Visual Studio Solution File, Format Version 12.00
# Visual Studio 14
VisualStudioVersion = 14.0.24720.0
MinimumVisualStudioVersion = 10.0.40219.1
Project("{FAE04EC0-301F-11D3-BF4B-00C04F79EFBC}") = "EntityObject", "EntityObject\EntityObject.csproj", "{C065EBD1-976D-4C45-A8F3-43CD9ECB0A8C}"
EndProject
Project("{FAE04EC0-301F-11D3-BF4B-00C04F79EFBC}") = "BLL", "BLL\BLL.csproj", "{5DE20D3A-BAC9-4BCF-9E8A-D3ADC2ECB858}"
EndProject
Project("{FAE04EC0-301F-11D3-BF4B-00C04F79EFBC}") = "DAL", "DAL\DAL.csproj", "{2BFA97E2-CB91-4898-A3D7-B2C427DE1950}"
EndProject
Project("{FAE04EC0-301F-11D3-BF4B-00C04F79EFBC}") = "DTPLAttendanceSystem", "DTPLAttendanceSystem\DTPLAttendanceSystem.csproj", "{366E266E-48C0-4948-8940-B16EDE428FE8}"
EndProject
Project("{FAE04EC0-301F-11D3-BF4B-00C04F79EFBC}") = "AttendanceSystem", "AttendanceSystem\AttendanceSystem.csproj", "{4333E372-2B3A-42C3-8B56-6CF795655D7B}"
EndProject
Global
	GlobalSection(SolutionConfigurationPlatforms) = preSolution
		Debug|Any CPU = Debug|Any CPU
		Release|Any CPU = Release|Any CPU
	EndGlobalSection
	GlobalSection(ProjectConfigurationPlatforms) = postSolution
		{C065EBD1-976D-4C45-A8F3-43CD9ECB0A8C}.Debug|Any CPU.ActiveCfg = Debug|Any CPU
		{C065EBD1-976D-4C45-A8F3-43CD9ECB0A8C}.Debug|Any CPU.Build.0 = Debug|Any CPU
		{C065EBD1-976D-4C45-A8F3-43CD9ECB0A8C}.Release|Any CPU.ActiveCfg = Release|Any CPU
		{C065EBD1-976D-4C45-A8F3-43CD9ECB0A8C}.Release|Any CPU.Build.0 = Release|Any CPU
		{5DE20D3A-BAC9-4BCF-9E8A-D3ADC2ECB858}.Debug|Any CPU.ActiveCfg = Debug|Any CPU
		{5DE20D3A-BAC9-4BCF-9E8A-D3ADC2ECB858}.Debug|Any CPU.Build.0 = Debug|Any CPU
		{5DE20D3A-BAC9-4BCF-9E8A-D3ADC2ECB858}.Release|Any CPU.ActiveCfg = Release|Any CPU
		{5DE20D3A-BAC9-4BCF-9E8A-D3ADC2ECB858}.Release|Any CPU.Build.0 = Release|Any CPU
		{2BFA97E2-CB91-4898-A3D7-B2C427DE1950}.Debug|Any CPU.ActiveCfg = Debug|Any CPU
		{2BFA97E2-CB91-4898-A3D7-B2C427DE1950}.Debug|Any CPU.Build.0 = Debug|Any CPU
		{2BFA97E2-CB91-4898-A3D7-B2C427DE1950}.Release|Any CPU.ActiveCfg = Release|Any CPU
		{2BFA97E2-CB91-4898-A3D7-B2C427DE1950}.Release|Any CPU.Build.0 = Release|Any CPU
		{366E266E-48C0-4948-8940-B16EDE428FE8}.Debug|Any CPU.ActiveCfg = Debug|Any CPU
		{366E266E-48C0-4948-8940-B16EDE428FE8}.Debug|Any CPU.Build.0 = Debug|Any CPU
		{366E266E-48C0-4948-8940-B16EDE428FE8}.Release|Any CPU.ActiveCfg = Release|Any CPU
		{366E266E-48C0-4948-8940-B16EDE428FE8}.Release|Any CPU.Build.0 = Release|Any CPU
		{4333E372-2B3A-42C3-8B56-6CF795655D7B}.Debug|Any CPU.ActiveCfg = Debug|Any CPU
		{4333E372-2B3A-42C3-8B56-6CF795655D7B}.Debug|Any CPU.Build.0 = Debug|Any CPU
		{4333E372-2B3A-42C3-8B56-6CF795655D7B}.Release|Any CPU.ActiveCfg = Release|Any CPU
		{4333E372-2B3A-42C3-8B56-6CF795655D7B}.Release|Any CPU.Build.0 = Release|Any CPU
	EndGlobalSection
	GlobalSection(SolutionProperties) = preSolution
		HideSolutionNode = FALSE
	EndGlobalSection
EndGlobal
